
Microsoft Visual Studio Solution File, Format Version 12.00
# Visual Studio 15
VisualStudioVersion = 15.0.27428.2043
MinimumVisualStudioVersion = 10.0.40219.1
Project("{FAE04EC0-301F-11D3-BF4B-00C04F79EFBC}") = "WifiKey", "WifiKey\WifiKey.csproj", "{9993D40D-D765-47AC-B303-C47C22DF1EDF}"
EndProject
Global
	GlobalSection(SolutionConfigurationPlatforms) = preSolution
		Debug|Any CPU = Debug|Any CPU
		Release|Any CPU = Release|Any CPU
	EndGlobalSection
	GlobalSection(ProjectConfigurationPlatforms) = postSolution
		{9993D40D-D765-47AC-B303-C47C22DF1EDF}.Debug|Any CPU.ActiveCfg = Debug|Any CPU
		{9993D40D-D765-47AC-B303-C47C22DF1EDF}.Debug|Any CPU.Build.0 = Debug|Any CPU
		{9993D40D-D765-47AC-B303-C47C22DF1EDF}.Release|Any CPU.ActiveCfg = Release|Any CPU
		{9993D40D-D765-47AC-B303-C47C22DF1EDF}.Release|Any CPU.Build.0 = Release|Any CPU
	EndGlobalSection
	GlobalSection(SolutionProperties) = preSolution
		HideSolutionNode = FALSE
	EndGlobalSection
	GlobalSection(ExtensibilityGlobals) = postSolution
		SolutionGuid = {32BA9011-2658-4873-8AA9-D8D851663BB7}
	EndGlobalSection
EndGlobal
